
Microsoft Visual Studio Solution File, Format Version 12.00
# Visual Studio Version 16
VisualStudioVersion = 16.0.31229.75
MinimumVisualStudioVersion = 10.0.40219.1
Project("{9A19103F-16F7-4668-BE54-9A1E7A4F7556}") = "BusSimulation", "BusSimulation\BusSimulation.csproj", "{826B2498-BC72-46F8-9132-E455C4D95289}"
EndProject
Project("{9A19103F-16F7-4668-BE54-9A1E7A4F7556}") = "Windows", "Windows\Windows.csproj", "{E87A806F-7AE9-4B0F-B4BA-954A1C9D3B0E}"
EndProject
Project("{9A19103F-16F7-4668-BE54-9A1E7A4F7556}") = "Instruments", "Instruments\Instruments.csproj", "{3D71D0BE-877D-4AB9-B654-69DAC5ECE171}"
EndProject
Project("{FAE04EC0-301F-11D3-BF4B-00C04F79EFBC}") = "CommandsManagement", "CommandsManagement\CommandsManagement.csproj", "{75A4AE7F-8367-4474-AF61-B81B9E77E859}"
EndProject
Project("{9A19103F-16F7-4668-BE54-9A1E7A4F7556}") = "Models.WPF", "Models\Models.WPF.csproj", "{8C9DB5C6-60DA-4132-9E86-5C3FBAB22B3B}"
EndProject
Project("{FAE04EC0-301F-11D3-BF4B-00C04F79EFBC}") = "Data", "Data\Data.csproj", "{78C9C2CC-6EF2-4DA9-B6A9-A6A80B22C008}"
EndProject
Project("{FAE04EC0-301F-11D3-BF4B-00C04F79EFBC}") = "Models.Game", "Models.Game\Models.Game.csproj", "{7E185968-9C97-42C8-8FF9-1339B6888D34}"
EndProject
Project("{FAE04EC0-301F-11D3-BF4B-00C04F79EFBC}") = "Mappers", "Mappers\Mappers.csproj", "{A8143CF2-865B-4DFF-8462-F1765218E478}"
EndProject
Project("{FAE04EC0-301F-11D3-BF4B-00C04F79EFBC}") = "Data.Services", "Services.Game\Data.Services.csproj", "{D6AD6279-F56C-4C5A-AE5C-995EF2649B55}"
EndProject
Project("{FAE04EC0-301F-11D3-BF4B-00C04F79EFBC}") = "Models.Domain", "Models.Domain\Models.Domain.csproj", "{5B075309-8842-4027-BBE3-4F1B38A46719}"
EndProject
Project("{FAE04EC0-301F-11D3-BF4B-00C04F79EFBC}") = "Entities", "Entities\Entities.csproj", "{956CBADC-0350-4C61-BD88-21E215227501}"
EndProject
Project("{FAE04EC0-301F-11D3-BF4B-00C04F79EFBC}") = "Simulation.API", "Simulation.API\Simulation.API.csproj", "{C54B5BEC-381E-4B14-8EED-F0C5F1772F76}"
EndProject
Project("{2150E333-8FDC-42A3-9474-1A3956D46DE8}") = "SimulationComponents", "SimulationComponents", "{01CCD4A2-923F-4D79-93BC-5090454B787F}"
EndProject
Project("{2150E333-8FDC-42A3-9474-1A3956D46DE8}") = "Mediators", "Mediators", "{3F132E0E-EF7A-440E-B479-6A1087616D69}"
EndProject
Project("{2150E333-8FDC-42A3-9474-1A3956D46DE8}") = "Repositories", "Repositories", "{71802742-60CE-469B-8226-C4D48263E477}"
EndProject
Project("{2150E333-8FDC-42A3-9474-1A3956D46DE8}") = "RepositoriesInteraction", "RepositoriesInteraction", "{39CA1BEE-5541-483B-A9A6-08717FE94122}"
EndProject
Project("{2150E333-8FDC-42A3-9474-1A3956D46DE8}") = "RepositoriesEntities", "RepositoriesEntities", "{5811E8FE-B0B2-47E5-8731-7E228F840906}"
EndProject
Project("{2150E333-8FDC-42A3-9474-1A3956D46DE8}") = "Domains", "Domains", "{FE40E480-98E4-436F-AF2E-E5F0C3BA27F9}"
EndProject
Project("{2150E333-8FDC-42A3-9474-1A3956D46DE8}") = "GameComponents", "GameComponents", "{D09D9410-405D-436D-BBB2-66BA05D04E9E}"
EndProject
Global
	GlobalSection(SolutionConfigurationPlatforms) = preSolution
		Debug|Any CPU = Debug|Any CPU
		Release|Any CPU = Release|Any CPU
	EndGlobalSection
	GlobalSection(ProjectConfigurationPlatforms) = postSolution
		{826B2498-BC72-46F8-9132-E455C4D95289}.Debug|Any CPU.ActiveCfg = Debug|Any CPU
		{826B2498-BC72-46F8-9132-E455C4D95289}.Debug|Any CPU.Build.0 = Debug|Any CPU
		{826B2498-BC72-46F8-9132-E455C4D95289}.Release|Any CPU.ActiveCfg = Release|Any CPU
		{826B2498-BC72-46F8-9132-E455C4D95289}.Release|Any CPU.Build.0 = Release|Any CPU
		{E87A806F-7AE9-4B0F-B4BA-954A1C9D3B0E}.Debug|Any CPU.ActiveCfg = Debug|Any CPU
		{E87A806F-7AE9-4B0F-B4BA-954A1C9D3B0E}.Debug|Any CPU.Build.0 = Debug|Any CPU
		{E87A806F-7AE9-4B0F-B4BA-954A1C9D3B0E}.Release|Any CPU.ActiveCfg = Release|Any CPU
		{E87A806F-7AE9-4B0F-B4BA-954A1C9D3B0E}.Release|Any CPU.Build.0 = Release|Any CPU
		{3D71D0BE-877D-4AB9-B654-69DAC5ECE171}.Debug|Any CPU.ActiveCfg = Debug|Any CPU
		{3D71D0BE-877D-4AB9-B654-69DAC5ECE171}.Debug|Any CPU.Build.0 = Debug|Any CPU
		{3D71D0BE-877D-4AB9-B654-69DAC5ECE171}.Release|Any CPU.ActiveCfg = Release|Any CPU
		{3D71D0BE-877D-4AB9-B654-69DAC5ECE171}.Release|Any CPU.Build.0 = Release|Any CPU
		{75A4AE7F-8367-4474-AF61-B81B9E77E859}.Debug|Any CPU.ActiveCfg = Debug|Any CPU
		{75A4AE7F-8367-4474-AF61-B81B9E77E859}.Debug|Any CPU.Build.0 = Debug|Any CPU
		{75A4AE7F-8367-4474-AF61-B81B9E77E859}.Release|Any CPU.ActiveCfg = Release|Any CPU
		{75A4AE7F-8367-4474-AF61-B81B9E77E859}.Release|Any CPU.Build.0 = Release|Any CPU
		{8C9DB5C6-60DA-4132-9E86-5C3FBAB22B3B}.Debug|Any CPU.ActiveCfg = Debug|Any CPU
		{8C9DB5C6-60DA-4132-9E86-5C3FBAB22B3B}.Debug|Any CPU.Build.0 = Debug|Any CPU
		{8C9DB5C6-60DA-4132-9E86-5C3FBAB22B3B}.Release|Any CPU.ActiveCfg = Release|Any CPU
		{8C9DB5C6-60DA-4132-9E86-5C3FBAB22B3B}.Release|Any CPU.Build.0 = Release|Any CPU
		{78C9C2CC-6EF2-4DA9-B6A9-A6A80B22C008}.Debug|Any CPU.ActiveCfg = Debug|Any CPU
		{78C9C2CC-6EF2-4DA9-B6A9-A6A80B22C008}.Debug|Any CPU.Build.0 = Debug|Any CPU
		{78C9C2CC-6EF2-4DA9-B6A9-A6A80B22C008}.Release|Any CPU.ActiveCfg = Release|Any CPU
		{78C9C2CC-6EF2-4DA9-B6A9-A6A80B22C008}.Release|Any CPU.Build.0 = Release|Any CPU
		{7E185968-9C97-42C8-8FF9-1339B6888D34}.Debug|Any CPU.ActiveCfg = Debug|Any CPU
		{7E185968-9C97-42C8-8FF9-1339B6888D34}.Debug|Any CPU.Build.0 = Debug|Any CPU
		{7E185968-9C97-42C8-8FF9-1339B6888D34}.Release|Any CPU.ActiveCfg = Release|Any CPU
		{7E185968-9C97-42C8-8FF9-1339B6888D34}.Release|Any CPU.Build.0 = Release|Any CPU
		{A8143CF2-865B-4DFF-8462-F1765218E478}.Debug|Any CPU.ActiveCfg = Debug|Any CPU
		{A8143CF2-865B-4DFF-8462-F1765218E478}.Debug|Any CPU.Build.0 = Debug|Any CPU
		{A8143CF2-865B-4DFF-8462-F1765218E478}.Release|Any CPU.ActiveCfg = Release|Any CPU
		{A8143CF2-865B-4DFF-8462-F1765218E478}.Release|Any CPU.Build.0 = Release|Any CPU
		{D6AD6279-F56C-4C5A-AE5C-995EF2649B55}.Debug|Any CPU.ActiveCfg = Debug|Any CPU
		{D6AD6279-F56C-4C5A-AE5C-995EF2649B55}.Debug|Any CPU.Build.0 = Debug|Any CPU
		{D6AD6279-F56C-4C5A-AE5C-995EF2649B55}.Release|Any CPU.ActiveCfg = Release|Any CPU
		{D6AD6279-F56C-4C5A-AE5C-995EF2649B55}.Release|Any CPU.Build.0 = Release|Any CPU
		{5B075309-8842-4027-BBE3-4F1B38A46719}.Debug|Any CPU.ActiveCfg = Debug|Any CPU
		{5B075309-8842-4027-BBE3-4F1B38A46719}.Debug|Any CPU.Build.0 = Debug|Any CPU
		{5B075309-8842-4027-BBE3-4F1B38A46719}.Release|Any CPU.ActiveCfg = Release|Any CPU
		{5B075309-8842-4027-BBE3-4F1B38A46719}.Release|Any CPU.Build.0 = Release|Any CPU
		{956CBADC-0350-4C61-BD88-21E215227501}.Debug|Any CPU.ActiveCfg = Debug|Any CPU
		{956CBADC-0350-4C61-BD88-21E215227501}.Debug|Any CPU.Build.0 = Debug|Any CPU
		{956CBADC-0350-4C61-BD88-21E215227501}.Release|Any CPU.ActiveCfg = Release|Any CPU
		{956CBADC-0350-4C61-BD88-21E215227501}.Release|Any CPU.Build.0 = Release|Any CPU
		{C54B5BEC-381E-4B14-8EED-F0C5F1772F76}.Debug|Any CPU.ActiveCfg = Debug|Any CPU
		{C54B5BEC-381E-4B14-8EED-F0C5F1772F76}.Debug|Any CPU.Build.0 = Debug|Any CPU
		{C54B5BEC-381E-4B14-8EED-F0C5F1772F76}.Release|Any CPU.ActiveCfg = Release|Any CPU
		{C54B5BEC-381E-4B14-8EED-F0C5F1772F76}.Release|Any CPU.Build.0 = Release|Any CPU
	EndGlobalSection
	GlobalSection(SolutionProperties) = preSolution
		HideSolutionNode = FALSE
	EndGlobalSection
	GlobalSection(NestedProjects) = preSolution
		{E87A806F-7AE9-4B0F-B4BA-954A1C9D3B0E} = {01CCD4A2-923F-4D79-93BC-5090454B787F}
		{3D71D0BE-877D-4AB9-B654-69DAC5ECE171} = {3F132E0E-EF7A-440E-B479-6A1087616D69}
		{75A4AE7F-8367-4474-AF61-B81B9E77E859} = {01CCD4A2-923F-4D79-93BC-5090454B787F}
		{8C9DB5C6-60DA-4132-9E86-5C3FBAB22B3B} = {01CCD4A2-923F-4D79-93BC-5090454B787F}
		{78C9C2CC-6EF2-4DA9-B6A9-A6A80B22C008} = {71802742-60CE-469B-8226-C4D48263E477}
		{7E185968-9C97-42C8-8FF9-1339B6888D34} = {D09D9410-405D-436D-BBB2-66BA05D04E9E}
		{A8143CF2-865B-4DFF-8462-F1765218E478} = {3F132E0E-EF7A-440E-B479-6A1087616D69}
		{D6AD6279-F56C-4C5A-AE5C-995EF2649B55} = {39CA1BEE-5541-483B-A9A6-08717FE94122}
		{5B075309-8842-4027-BBE3-4F1B38A46719} = {FE40E480-98E4-436F-AF2E-E5F0C3BA27F9}
		{956CBADC-0350-4C61-BD88-21E215227501} = {5811E8FE-B0B2-47E5-8731-7E228F840906}
		{71802742-60CE-469B-8226-C4D48263E477} = {3F132E0E-EF7A-440E-B479-6A1087616D69}
		{39CA1BEE-5541-483B-A9A6-08717FE94122} = {71802742-60CE-469B-8226-C4D48263E477}
		{5811E8FE-B0B2-47E5-8731-7E228F840906} = {71802742-60CE-469B-8226-C4D48263E477}
		{FE40E480-98E4-436F-AF2E-E5F0C3BA27F9} = {3F132E0E-EF7A-440E-B479-6A1087616D69}
	EndGlobalSection
	GlobalSection(ExtensibilityGlobals) = postSolution
		SolutionGuid = {DB484186-4DCB-46E7-B6C7-86C309F1629A}
	EndGlobalSection
EndGlobal
