
Microsoft Visual Studio Solution File, Format Version 12.00
# Visual Studio Version 16
VisualStudioVersion = 16.0.31229.75
MinimumVisualStudioVersion = 10.0.40219.1
Project("{9A19103F-16F7-4668-BE54-9A1E7A4F7556}") = "BusSimulation", "Zyrian\BusSimulation\BusSimulation.csproj", "{826B2498-BC72-46F8-9132-E455C4D95289}"
EndProject
Project("{9A19103F-16F7-4668-BE54-9A1E7A4F7556}") = "Simulation.Infrastructure", "Zyrian\SimulationComponents\Simulation.Infrastructure\Simulation.Infrastructure.csproj", "{E87A806F-7AE9-4B0F-B4BA-954A1C9D3B0E}"
EndProject
Project("{FAE04EC0-301F-11D3-BF4B-00C04F79EFBC}") = "Simulation.CommandsManagement", "Zyrian\SimulationComponents\Simulation.CommandsManagement\Simulation.CommandsManagement.csproj", "{75A4AE7F-8367-4474-AF61-B81B9E77E859}"
EndProject
Project("{9A19103F-16F7-4668-BE54-9A1E7A4F7556}") = "Simulation.Domain.Models", "Zyrian\Mediators\Simulation.Domain.Models\Simulation.Domain.Models.csproj", "{5B075309-8842-4027-BBE3-4F1B38A46719}"
EndProject
Project("{2150E333-8FDC-42A3-9474-1A3956D46DE8}") = "SimulationComponents", "SimulationComponents", "{01CCD4A2-923F-4D79-93BC-5090454B787F}"
EndProject
Project("{2150E333-8FDC-42A3-9474-1A3956D46DE8}") = "Mediators", "Mediators", "{3F132E0E-EF7A-440E-B479-6A1087616D69}"
EndProject
Project("{2150E333-8FDC-42A3-9474-1A3956D46DE8}") = "Zyrian", "Zyrian", "{C78CA81D-C6DA-47E7-A5E9-0970645C8104}"
EndProject
Project("{9A19103F-16F7-4668-BE54-9A1E7A4F7556}") = "Simulation.Game", "Zyrian\Simulation.Game\Simulation.Game.csproj", "{F1F798F2-C440-448A-9630-7BA499A758AE}"
EndProject
Project("{9A19103F-16F7-4668-BE54-9A1E7A4F7556}") = "Simulation.Data.Repositories", "Zyrian\Mediators\Simulation.Data.Repositories\Simulation.Data.Repositories.csproj", "{AA08D4D5-51EC-4BA2-B4DA-FC225046753D}"
EndProject
Global
	GlobalSection(SolutionConfigurationPlatforms) = preSolution
		Debug|Any CPU = Debug|Any CPU
		Release|Any CPU = Release|Any CPU
	EndGlobalSection
	GlobalSection(ProjectConfigurationPlatforms) = postSolution
		{826B2498-BC72-46F8-9132-E455C4D95289}.Debug|Any CPU.ActiveCfg = Debug|Any CPU
		{826B2498-BC72-46F8-9132-E455C4D95289}.Debug|Any CPU.Build.0 = Debug|Any CPU
		{826B2498-BC72-46F8-9132-E455C4D95289}.Release|Any CPU.ActiveCfg = Release|Any CPU
		{826B2498-BC72-46F8-9132-E455C4D95289}.Release|Any CPU.Build.0 = Release|Any CPU
		{E87A806F-7AE9-4B0F-B4BA-954A1C9D3B0E}.Debug|Any CPU.ActiveCfg = Debug|Any CPU
		{E87A806F-7AE9-4B0F-B4BA-954A1C9D3B0E}.Debug|Any CPU.Build.0 = Debug|Any CPU
		{E87A806F-7AE9-4B0F-B4BA-954A1C9D3B0E}.Release|Any CPU.ActiveCfg = Release|Any CPU
		{E87A806F-7AE9-4B0F-B4BA-954A1C9D3B0E}.Release|Any CPU.Build.0 = Release|Any CPU
		{75A4AE7F-8367-4474-AF61-B81B9E77E859}.Debug|Any CPU.ActiveCfg = Debug|Any CPU
		{75A4AE7F-8367-4474-AF61-B81B9E77E859}.Debug|Any CPU.Build.0 = Debug|Any CPU
		{75A4AE7F-8367-4474-AF61-B81B9E77E859}.Release|Any CPU.ActiveCfg = Release|Any CPU
		{75A4AE7F-8367-4474-AF61-B81B9E77E859}.Release|Any CPU.Build.0 = Release|Any CPU
		{5B075309-8842-4027-BBE3-4F1B38A46719}.Debug|Any CPU.ActiveCfg = Debug|Any CPU
		{5B075309-8842-4027-BBE3-4F1B38A46719}.Debug|Any CPU.Build.0 = Debug|Any CPU
		{5B075309-8842-4027-BBE3-4F1B38A46719}.Release|Any CPU.ActiveCfg = Release|Any CPU
		{5B075309-8842-4027-BBE3-4F1B38A46719}.Release|Any CPU.Build.0 = Release|Any CPU
		{F1F798F2-C440-448A-9630-7BA499A758AE}.Debug|Any CPU.ActiveCfg = Debug|Any CPU
		{F1F798F2-C440-448A-9630-7BA499A758AE}.Debug|Any CPU.Build.0 = Debug|Any CPU
		{F1F798F2-C440-448A-9630-7BA499A758AE}.Release|Any CPU.ActiveCfg = Release|Any CPU
		{F1F798F2-C440-448A-9630-7BA499A758AE}.Release|Any CPU.Build.0 = Release|Any CPU
		{AA08D4D5-51EC-4BA2-B4DA-FC225046753D}.Debug|Any CPU.ActiveCfg = Debug|Any CPU
		{AA08D4D5-51EC-4BA2-B4DA-FC225046753D}.Debug|Any CPU.Build.0 = Debug|Any CPU
		{AA08D4D5-51EC-4BA2-B4DA-FC225046753D}.Release|Any CPU.ActiveCfg = Release|Any CPU
		{AA08D4D5-51EC-4BA2-B4DA-FC225046753D}.Release|Any CPU.Build.0 = Release|Any CPU
	EndGlobalSection
	GlobalSection(SolutionProperties) = preSolution
		HideSolutionNode = FALSE
	EndGlobalSection
	GlobalSection(NestedProjects) = preSolution
		{826B2498-BC72-46F8-9132-E455C4D95289} = {C78CA81D-C6DA-47E7-A5E9-0970645C8104}
		{E87A806F-7AE9-4B0F-B4BA-954A1C9D3B0E} = {01CCD4A2-923F-4D79-93BC-5090454B787F}
		{75A4AE7F-8367-4474-AF61-B81B9E77E859} = {01CCD4A2-923F-4D79-93BC-5090454B787F}
		{5B075309-8842-4027-BBE3-4F1B38A46719} = {3F132E0E-EF7A-440E-B479-6A1087616D69}
		{01CCD4A2-923F-4D79-93BC-5090454B787F} = {C78CA81D-C6DA-47E7-A5E9-0970645C8104}
		{3F132E0E-EF7A-440E-B479-6A1087616D69} = {C78CA81D-C6DA-47E7-A5E9-0970645C8104}
		{F1F798F2-C440-448A-9630-7BA499A758AE} = {C78CA81D-C6DA-47E7-A5E9-0970645C8104}
		{AA08D4D5-51EC-4BA2-B4DA-FC225046753D} = {3F132E0E-EF7A-440E-B479-6A1087616D69}
	EndGlobalSection
	GlobalSection(ExtensibilityGlobals) = postSolution
		SolutionGuid = {DB484186-4DCB-46E7-B6C7-86C309F1629A}
	EndGlobalSection
EndGlobal
